
Microsoft Visual Studio Solution File, Format Version 12.00
# Visual Studio Version 17
VisualStudioVersion = 17.3.32825.248
MinimumVisualStudioVersion = 10.0.40219.1
Project("{FAE04EC0-301F-11D3-BF4B-00C04F79EFBC}") = "UseMyLibraryWPF", "UseMyLibraryWPF.csproj", "{03964CD3-A3BA-4BF1-A182-8804DDD47883}"
EndProject
Global
	GlobalSection(SolutionConfigurationPlatforms) = preSolution
		Debug|Any CPU = Debug|Any CPU
		Release|Any CPU = Release|Any CPU
	EndGlobalSection
	GlobalSection(ProjectConfigurationPlatforms) = postSolution
		{03964CD3-A3BA-4BF1-A182-8804DDD47883}.Debug|Any CPU.ActiveCfg = Debug|Any CPU
		{03964CD3-A3BA-4BF1-A182-8804DDD47883}.Debug|Any CPU.Build.0 = Debug|Any CPU
		{03964CD3-A3BA-4BF1-A182-8804DDD47883}.Release|Any CPU.ActiveCfg = Release|Any CPU
		{03964CD3-A3BA-4BF1-A182-8804DDD47883}.Release|Any CPU.Build.0 = Release|Any CPU
	EndGlobalSection
	GlobalSection(SolutionProperties) = preSolution
		HideSolutionNode = FALSE
	EndGlobalSection
	GlobalSection(ExtensibilityGlobals) = postSolution
		SolutionGuid = {F71D1A8F-8750-405E-8210-2560E1C96D90}
	EndGlobalSection
EndGlobal
